
Microsoft Visual Studio Solution File, Format Version 12.00
# Visual Studio Version 17
VisualStudioVersion = 17.0.31903.59
MinimumVisualStudioVersion = 10.0.40219.1
Project("{FAE04EC0-301F-11D3-BF4B-00C04F79EFBC}") = "CafeOrderManager.Api", "CafeOrderManager.Api\CafeOrderManager.Api.csproj", "{45684551-C2DE-43E0-B0E1-0ADCFEF7244A}"
EndProject
Project("{FAE04EC0-301F-11D3-BF4B-00C04F79EFBC}") = "CafeOrderManager.Storage", "CafeOrderManager.Storage\CafeOrderManager.Storage.csproj", "{9F341472-1F68-4342-BBDB-CBAB1AC43759}"
EndProject
Project("{FAE04EC0-301F-11D3-BF4B-00C04F79EFBC}") = "CafeOrderManager.Service", "CafeOrderManager.Service\CafeOrderManager.Service.csproj", "{CE9999D5-B3C6-46D7-9D6E-038CAF90DB2B}"
EndProject
Project("{FAE04EC0-301F-11D3-BF4B-00C04F79EFBC}") = "CafeOrderManager.Model", "CafeOrderManager.Model\CafeOrderManager.Model.csproj", "{F95C2979-874A-4923-8C28-E56A1D0256D5}"
EndProject
Project("{FAE04EC0-301F-11D3-BF4B-00C04F79EFBC}") = "CafeOrderManager.Infrastructure", "CafeOrderManager.Infrastructure\CafeOrderManager.Infrastructure.csproj", "{25573859-1C76-4602-889A-B9D6A6C392A6}"
EndProject
Global
	GlobalSection(SolutionConfigurationPlatforms) = preSolution
		Debug|Any CPU = Debug|Any CPU
		Release|Any CPU = Release|Any CPU
	EndGlobalSection
	GlobalSection(ProjectConfigurationPlatforms) = postSolution
		{45684551-C2DE-43E0-B0E1-0ADCFEF7244A}.Debug|Any CPU.ActiveCfg = Debug|Any CPU
		{45684551-C2DE-43E0-B0E1-0ADCFEF7244A}.Debug|Any CPU.Build.0 = Debug|Any CPU
		{45684551-C2DE-43E0-B0E1-0ADCFEF7244A}.Release|Any CPU.ActiveCfg = Release|Any CPU
		{45684551-C2DE-43E0-B0E1-0ADCFEF7244A}.Release|Any CPU.Build.0 = Release|Any CPU
		{9F341472-1F68-4342-BBDB-CBAB1AC43759}.Debug|Any CPU.ActiveCfg = Debug|Any CPU
		{9F341472-1F68-4342-BBDB-CBAB1AC43759}.Debug|Any CPU.Build.0 = Debug|Any CPU
		{9F341472-1F68-4342-BBDB-CBAB1AC43759}.Release|Any CPU.ActiveCfg = Release|Any CPU
		{9F341472-1F68-4342-BBDB-CBAB1AC43759}.Release|Any CPU.Build.0 = Release|Any CPU
		{CE9999D5-B3C6-46D7-9D6E-038CAF90DB2B}.Debug|Any CPU.ActiveCfg = Debug|Any CPU
		{CE9999D5-B3C6-46D7-9D6E-038CAF90DB2B}.Debug|Any CPU.Build.0 = Debug|Any CPU
		{CE9999D5-B3C6-46D7-9D6E-038CAF90DB2B}.Release|Any CPU.ActiveCfg = Release|Any CPU
		{CE9999D5-B3C6-46D7-9D6E-038CAF90DB2B}.Release|Any CPU.Build.0 = Release|Any CPU
		{F95C2979-874A-4923-8C28-E56A1D0256D5}.Debug|Any CPU.ActiveCfg = Debug|Any CPU
		{F95C2979-874A-4923-8C28-E56A1D0256D5}.Debug|Any CPU.Build.0 = Debug|Any CPU
		{F95C2979-874A-4923-8C28-E56A1D0256D5}.Release|Any CPU.ActiveCfg = Release|Any CPU
		{F95C2979-874A-4923-8C28-E56A1D0256D5}.Release|Any CPU.Build.0 = Release|Any CPU
		{25573859-1C76-4602-889A-B9D6A6C392A6}.Debug|Any CPU.ActiveCfg = Debug|Any CPU
		{25573859-1C76-4602-889A-B9D6A6C392A6}.Debug|Any CPU.Build.0 = Debug|Any CPU
		{25573859-1C76-4602-889A-B9D6A6C392A6}.Release|Any CPU.ActiveCfg = Release|Any CPU
		{25573859-1C76-4602-889A-B9D6A6C392A6}.Release|Any CPU.Build.0 = Release|Any CPU
	EndGlobalSection
	GlobalSection(SolutionProperties) = preSolution
		HideSolutionNode = FALSE
	EndGlobalSection
	GlobalSection(ExtensibilityGlobals) = postSolution
		SolutionGuid = {F0A4208B-EF1B-4E62-B65A-302A6A76C400}
	EndGlobalSection
EndGlobal
